// !$*UTF8*$!
{
	archiveVersion = 1;
	classes = {
	};
	objectVersion = 46;
	objects = {

/* Begin PBXBuildFile section */
		2BCAEE231A1CE6DB0029778C /* AppDelegate.swift in Sources */ = {isa = PBXBuildFile; fileRef = 2BCAEE221A1CE6DB0029778C /* AppDelegate.swift */; };
		2BCAEE251A1CE6DB0029778C /* ViewController.swift in Sources */ = {isa = PBXBuildFile; fileRef = 2BCAEE241A1CE6DB0029778C /* ViewController.swift */; };
		2BCAEE281A1CE6DB0029778C /* Main.storyboard in Resources */ = {isa = PBXBuildFile; fileRef = 2BCAEE261A1CE6DB0029778C /* Main.storyboard */; };
		2BCAEE2A1A1CE6DB0029778C /* Images.xcassets in Resources */ = {isa = PBXBuildFile; fileRef = 2BCAEE291A1CE6DB0029778C /* Images.xcassets */; };
		2BCAEE2D1A1CE6DB0029778C /* LaunchScreen.xib in Resources */ = {isa = PBXBuildFile; fileRef = 2BCAEE2B1A1CE6DB0029778C /* LaunchScreen.xib */; };
		2BCAEE391A1CE6DB0029778C /* PostcardTests.swift in Sources */ = {isa = PBXBuildFile; fileRef = 2BCAEE381A1CE6DB0029778C /* PostcardTests.swift */; };
		2BCAEE431A1CEDAE0029778C /* SagradaFamilia.jpeg in Resources */ = {isa = PBXBuildFile; fileRef = 2BCAEE421A1CEDAE0029778C /* SagradaFamilia.jpeg */; };
		2BCAEE451A1CF0E40029778C /* AlbertEinsteinStamp.jpg in Resources */ = {isa = PBXBuildFile; fileRef = 2BCAEE441A1CF0E40029778C /* AlbertEinsteinStamp.jpg */; };
/* End PBXBuildFile section */

/* Begin PBXContainerItemProxy section */
		2BCAEE331A1CE6DB0029778C /* PBXContainerItemProxy */ = {
			isa = PBXContainerItemProxy;
			containerPortal = 2BCAEE151A1CE6DB0029778C /* Project object */;
			proxyType = 1;
			remoteGlobalIDString = 2BCAEE1C1A1CE6DB0029778C;
			remoteInfo = Postcard;
		};
/* End PBXContainerItemProxy section */

/* Begin PBXFileReference section */
		2BCAEE1D1A1CE6DB0029778C /* Postcard.app */ = {isa = PBXFileReference; explicitFileType = wrapper.application; includeInIndex = 0; path = Postcard.app; sourceTree = BUILT_PRODUCTS_DIR; };
		2BCAEE211A1CE6DB0029778C /* Info.plist */ = {isa = PBXFileReference; lastKnownFileType = text.plist.xml; path = Info.plist; sourceTree = "<group>"; };
		2BCAEE221A1CE6DB0029778C /* AppDelegate.swift */ = {isa = PBXFileReference; lastKnownFileType = sourcecode.swift; path = AppDelegate.swift; sourceTree = "<group>"; };
		2BCAEE241A1CE6DB0029778C /* ViewController.swift */ = {isa = PBXFileReference; lastKnownFileType = sourcecode.swift; path = ViewController.swift; sourceTree = "<group>"; };
		2BCAEE271A1CE6DB0029778C /* Base */ = {isa = PBXFileReference; lastKnownFileType = file.storyboard; name = Base; path = Base.lproj/Main.storyboard; sourceTree = "<group>"; };
		2BCAEE291A1CE6DB0029778C /* Images.xcassets */ = {isa = PBXFileReference; lastKnownFileType = folder.assetcatalog; path = Images.xcassets; sourceTree = "<group>"; };
		2BCAEE2C1A1CE6DB0029778C /* Base */ = {isa = PBXFileReference; lastKnownFileType = file.xib; name = Base; path = Base.lproj/LaunchScreen.xib; sourceTree = "<group>"; };
		2BCAEE321A1CE6DB0029778C /* PostcardTests.xctest */ = {isa = PBXFileReference; explicitFileType = wrapper.cfbundle; includeInIndex = 0; path = PostcardTests.xctest; sourceTree = BUILT_PRODUCTS_DIR; };
		2BCAEE371A1CE6DB0029778C /* Info.plist */ = {isa = PBXFileReference; lastKnownFileType = text.plist.xml; path = Info.plist; sourceTree = "<group>"; };
		2BCAEE381A1CE6DB0029778C /* PostcardTests.swift */ = {isa = PBXFileReference; lastKnownFileType = sourcecode.swift; path = PostcardTests.swift; sourceTree = "<group>"; };
		2BCAEE421A1CEDAE0029778C /* SagradaFamilia.jpeg */ = {isa = PBXFileReference; lastKnownFileType = image.jpeg; path = SagradaFamilia.jpeg; sourceTree = "<group>"; };
		2BCAEE441A1CF0E40029778C /* AlbertEinsteinStamp.jpg */ = {isa = PBXFileReference; lastKnownFileType = image.jpeg; path = AlbertEinsteinStamp.jpg; sourceTree = "<group>"; };
/* End PBXFileReference section */

/* Begin PBXFrameworksBuildPhase section */
		2BCAEE1A1A1CE6DB0029778C /* Frameworks */ = {
			isa = PBXFrameworksBuildPhase;
			buildActionMask = 2147483647;
			files = (
			);
			runOnlyForDeploymentPostprocessing = 0;
		};
		2BCAEE2F1A1CE6DB0029778C /* Frameworks */ = {
			isa = PBXFrameworksBuildPhase;
			buildActionMask = 2147483647;
			files = (
			);
			runOnlyForDeploymentPostprocessing = 0;
		};
/* End PBXFrameworksBuildPhase section */

/* Begin PBXGroup section */
		2BCAEE141A1CE6DB0029778C = {
			isa = PBXGroup;
			children = (
				2BCAEE1F1A1CE6DB0029778C /* Postcard */,
				2BCAEE351A1CE6DB0029778C /* PostcardTests */,
				2BCAEE1E1A1CE6DB0029778C /* Products */,
			);
			sourceTree = "<group>";
		};
		2BCAEE1E1A1CE6DB0029778C /* Products */ = {
			isa = PBXGroup;
			children = (
				2BCAEE1D1A1CE6DB0029778C /* Postcard.app */,
				2BCAEE321A1CE6DB0029778C /* PostcardTests.xctest */,
			);
			name = Products;
			sourceTree = "<group>";
		};
		2BCAEE1F1A1CE6DB0029778C /* Postcard */ = {
			isa = PBXGroup;
			children = (
				2BCAEE221A1CE6DB0029778C /* AppDelegate.swift */,
				2BCAEE241A1CE6DB0029778C /* ViewController.swift */,
				2BCAEE261A1CE6DB0029778C /* Main.storyboard */,
				2BCAEE291A1CE6DB0029778C /* Images.xcassets */,
				2BCAEE2B1A1CE6DB0029778C /* LaunchScreen.xib */,
				2BCAEE201A1CE6DB0029778C /* Supporting Files */,
			);
			path = Postcard;
			sourceTree = "<group>";
		};
		2BCAEE201A1CE6DB0029778C /* Supporting Files */ = {
			isa = PBXGroup;
			children = (
				2BCAEE441A1CF0E40029778C /* AlbertEinsteinStamp.jpg */,
				2BCAEE421A1CEDAE0029778C /* SagradaFamilia.jpeg */,
				2BCAEE211A1CE6DB0029778C /* Info.plist */,
			);
			name = "Supporting Files";
			sourceTree = "<group>";
		};
		2BCAEE351A1CE6DB0029778C /* PostcardTests */ = {
			isa = PBXGroup;
			children = (
				2BCAEE381A1CE6DB0029778C /* PostcardTests.swift */,
				2BCAEE361A1CE6DB0029778C /* Supporting Files */,
			);
			path = PostcardTests;
			sourceTree = "<group>";
		};
		2BCAEE361A1CE6DB0029778C /* Supporting Files */ = {
			isa = PBXGroup;
			children = (
				2BCAEE371A1CE6DB0029778C /* Info.plist */,
			);
			name = "Supporting Files";
			sourceTree = "<group>";
		};
/* End PBXGroup section */

/* Begin PBXNativeTarget section */
		2BCAEE1C1A1CE6DB0029778C /* Postcard */ = {
			isa = PBXNativeTarget;
			buildConfigurationList = 2BCAEE3C1A1CE6DB0029778C /* Build configuration list for PBXNativeTarget "Postcard" */;
			buildPhases = (
				2BCAEE191A1CE6DB0029778C /* Sources */,
				2BCAEE1A1A1CE6DB0029778C /* Frameworks */,
				2BCAEE1B1A1CE6DB0029778C /* Resources */,
			);
			buildRules = (
			);
			dependencies = (
			);
			name = Postcard;
			productName = Postcard;
			productReference = 2BCAEE1D1A1CE6DB0029778C /* Postcard.app */;
			productType = "com.apple.product-type.application";
		};
		2BCAEE311A1CE6DB0029778C /* PostcardTests */ = {
			isa = PBXNativeTarget;
			buildConfigurationList = 2BCAEE3F1A1CE6DB0029778C /* Build configuration list for PBXNativeTarget "PostcardTests" */;
			buildPhases = (
				2BCAEE2E1A1CE6DB0029778C /* Sources */,
				2BCAEE2F1A1CE6DB0029778C /* Frameworks */,
				2BCAEE301A1CE6DB0029778C /* Resources */,
			);
			buildRules = (
			);
			dependencies = (
				2BCAEE341A1CE6DB0029778C /* PBXTargetDependency */,
			);
			name = PostcardTests;
			productName = PostcardTests;
			productReference = 2BCAEE321A1CE6DB0029778C /* PostcardTests.xctest */;
			productType = "com.apple.product-type.bundle.unit-test";
		};
/* End PBXNativeTarget section */

/* Begin PBXProject section */
		2BCAEE151A1CE6DB0029778C /* Project object */ = {
			isa = PBXProject;
			attributes = {
				LastUpgradeCheck = 0610;
				ORGANIZATIONNAME = "Richard Smith";
				TargetAttributes = {
					2BCAEE1C1A1CE6DB0029778C = {
						CreatedOnToolsVersion = 6.1;
					};
					2BCAEE311A1CE6DB0029778C = {
						CreatedOnToolsVersion = 6.1;
						TestTargetID = 2BCAEE1C1A1CE6DB0029778C;
					};
				};
			};
			buildConfigurationList = 2BCAEE181A1CE6DB0029778C /* Build configuration list for PBXProject "Postcard" */;
			compatibilityVersion = "Xcode 3.2";
			developmentRegion = English;
			hasScannedForEncodings = 0;
			knownRegions = (
				en,
				Base,
			);
			mainGroup = 2BCAEE141A1CE6DB0029778C;
			productRefGroup = 2BCAEE1E1A1CE6DB0029778C /* Products */;
			projectDirPath = "";
			projectRoot = "";
			targets = (
				2BCAEE1C1A1CE6DB0029778C /* Postcard */,
				2BCAEE311A1CE6DB0029778C /* PostcardTests */,
			);
		};
/* End PBXProject section */

/* Begin PBXResourcesBuildPhase section */
		2BCAEE1B1A1CE6DB0029778C /* Resources */ = {
			isa = PBXResourcesBuildPhase;
			buildActionMask = 2147483647;
			files = (
				2BCAEE281A1CE6DB0029778C /* Main.storyboard in Resources */,
				2BCAEE431A1CEDAE0029778C /* SagradaFamilia.jpeg in Resources */,
				2BCAEE451A1CF0E40029778C /* AlbertEinsteinStamp.jpg in Resources */,
				2BCAEE2D1A1CE6DB0029778C /* LaunchScreen.xib in Resources */,
				2BCAEE2A1A1CE6DB0029778C /* Images.xcassets in Resources */,
			);
			runOnlyForDeploymentPostprocessing = 0;
		};
		2BCAEE301A1CE6DB0029778C /* Resources */ = {
			isa = PBXResourcesBuildPhase;
			buildActionMask = 2147483647;
			files = (
			);
			runOnlyForDeploymentPostprocessing = 0;
		};
/* End PBXResourcesBuildPhase section */

/* Begin PBXSourcesBuildPhase section */
		2BCAEE191A1CE6DB0029778C /* Sources */ = {
			isa = PBXSourcesBuildPhase;
			buildActionMask = 2147483647;
			files = (
				2BCAEE251A1CE6DB0029778C /* ViewController.swift in Sources */,
				2BCAEE231A1CE6DB0029778C /* AppDelegate.swift in Sources */,
			);
			runOnlyForDeploymentPostprocessing = 0;
		};
		2BCAEE2E1A1CE6DB0029778C /* Sources */ = {
			isa = PBXSourcesBuildPhase;
			buildActionMask = 2147483647;
			files = (
				2BCAEE391A1CE6DB0029778C /* PostcardTests.swift in Sources */,
			);
			runOnlyForDeploymentPostprocessing = 0;
		};
/* End PBXSourcesBuildPhase section */

/* Begin PBXTargetDependency section */
		2BCAEE341A1CE6DB0029778C /* PBXTargetDependency */ = {
			isa = PBXTargetDependency;
			target = 2BCAEE1C1A1CE6DB0029778C /* Postcard */;
			targetProxy = 2BCAEE331A1CE6DB0029778C /* PBXContainerItemProxy */;
		};
/* End PBXTargetDependency section */

/* Begin PBXVariantGroup section */
		2BCAEE261A1CE6DB0029778C /* Main.storyboard */ = {
			isa = PBXVariantGroup;
			children = (
				2BCAEE271A1CE6DB0029778C /* Base */,
			);
			name = Main.storyboard;
			sourceTree = "<group>";
		};
		2BCAEE2B1A1CE6DB0029778C /* LaunchScreen.xib */ = {
			isa = PBXVariantGroup;
			children = (
				2BCAEE2C1A1CE6DB0029778C /* Base */,
			);
			name = LaunchScreen.xib;
			sourceTree = "<group>";
		};
/* End PBXVariantGroup section */

/* Begin XCBuildConfiguration section */
		2BCAEE3A1A1CE6DB0029778C /* Debug */ = {
			isa = XCBuildConfiguration;
			buildSettings = {
				ALWAYS_SEARCH_USER_PATHS = NO;
				CLANG_CXX_LANGUAGE_STANDARD = "gnu++0x";
				CLANG_CXX_LIBRARY = "libc++";
				CLANG_ENABLE_MODULES = YES;
				CLANG_ENABLE_OBJC_ARC = YES;
				CLANG_WARN_BOOL_CONVERSION = YES;
				CLANG_WARN_CONSTANT_CONVERSION = YES;
				CLANG_WARN_DIRECT_OBJC_ISA_USAGE = YES_ERROR;
				CLANG_WARN_EMPTY_BODY = YES;
				CLANG_WARN_ENUM_CONVERSION = YES;
				CLANG_WARN_INT_CONVERSION = YES;
				CLANG_WARN_OBJC_ROOT_CLASS = YES_ERROR;
				CLANG_WARN_UNREACHABLE_CODE = YES;
				CLANG_WARN__DUPLICATE_METHOD_MATCH = YES;
				"CODE_SIGN_IDENTITY[sdk=iphoneos*]" = "iPhone Developer";
				COPY_PHASE_STRIP = NO;
				ENABLE_STRICT_OBJC_MSGSEND = YES;
				GCC_C_LANGUAGE_STANDARD = gnu99;
				GCC_DYNAMIC_NO_PIC = NO;
				GCC_OPTIMIZATION_LEVEL = 0;
				GCC_PREPROCESSOR_DEFINITIONS = (
					"DEBUG=1",
					"$(inherited)",
				);
				GCC_SYMBOLS_PRIVATE_EXTERN = NO;
				GCC_WARN_64_TO_32_BIT_CONVERSION = YES;
				GCC_WARN_ABOUT_RETURN_TYPE = YES_ERROR;
				GCC_WARN_UNDECLARED_SELECTOR = YES;
				GCC_WARN_UNINITIALIZED_AUTOS = YES_AGGRESSIVE;
				GCC_WARN_UNUSED_FUNCTION = YES;
				GCC_WARN_UNUSED_VARIABLE = YES;
				IPHONEOS_DEPLOYMENT_TARGET = 8.1;
				MTL_ENABLE_DEBUG_INFO = YES;
				ONLY_ACTIVE_ARCH = YES;
				SDKROOT = iphoneos;
				SWIFT_OPTIMIZATION_LEVEL = "-Onone";
				TARGETED_DEVICE_FAMILY = "1,2";
			};
			name = Debug;
		};
		2BCAEE3B1A1CE6DB0029778C /* Release */ = {
			isa = XCBuildConfiguration;
			buildSettings = {
				ALWAYS_SEARCH_USER_PATHS = NO;
				CLANG_CXX_LANGUAGE_STANDARD = "gnu++0x";
				CLANG_CXX_LIBRARY = "libc++";
				CLANG_ENABLE_MODULES = YES;
				CLANG_ENABLE_OBJC_ARC = YES;
				CLANG_WARN_BOOL_CONVERSION = YES;
				CLANG_WARN_CONSTANT_CONVERSION = YES;
				CLANG_WARN_DIRECT_OBJC_ISA_USAGE = YES_ERROR;
				CLANG_WARN_EMPTY_BODY = YES;
				CLANG_WARN_ENUM_CONVERSION = YES;
				CLANG_WARN_INT_CONVERSION = YES;
				CLANG_WARN_OBJC_ROOT_CLASS = YES_ERROR;
				CLANG_WARN_UNREACHABLE_CODE = YES;
				CLANG_WARN__DUPLICATE_METHOD_MATCH = YES;
				"CODE_SIGN_IDENTITY[sdk=iphoneos*]" = "iPhone Developer";
				COPY_PHASE_STRIP = YES;
				ENABLE_NS_ASSERTIONS = NO;
				ENABLE_STRICT_OBJC_MSGSEND = YES;
				GCC_C_LANGUAGE_STANDARD = gnu99;
				GCC_WARN_64_TO_32_BIT_CONVERSION = YES;
				GCC_WARN_ABOUT_RETURN_TYPE = YES_ERROR;
				GCC_WARN_UNDECLARED_SELECTOR = YES;
				GCC_WARN_UNINITIALIZED_AUTOS = YES_AGGRESSIVE;
				GCC_WARN_UNUSED_FUNCTION = YES;
				GCC_WARN_UNUSED_VARIABLE = YES;
				IPHONEOS_DEPLOYMENT_TARGET = 8.1;
				MTL_ENABLE_DEBUG_INFO = NO;
				SDKROOT = iphoneos;
				TARGETED_DEVICE_FAMILY = "1,2";
				VALIDATE_PRODUCT = YES;
			};
			name = Release;
		};
		2BCAEE3D1A1CE6DB0029778C /* Debug */ = {
			isa = XCBuildConfiguration;
			buildSettings = {
				ASSETCATALOG_COMPILER_APPICON_NAME = AppIcon;
				CODE_SIGN_IDENTITY = "iPhone Developer";
				INFOPLIST_FILE = Postcard/Info.plist;
				LD_RUNPATH_SEARCH_PATHS = "$(inherited) @executable_path/Frameworks";
				PRODUCT_NAME = "$(TARGET_NAME)";
			};
			name = Debug;
		};
		2BCAEE3E1A1CE6DB0029778C /* Release */ = {
			isa = XCBuildConfiguration;
			buildSettings = {
				ASSETCATALOG_COMPILER_APPICON_NAME = AppIcon;
				CODE_SIGN_IDENTITY = "iPhone Developer";
				INFOPLIST_FILE = Postcard/Info.plist;
				LD_RUNPATH_SEARCH_PATHS = "$(inherited) @executable_path/Frameworks";
				PRODUCT_NAME = "$(TARGET_NAME)";
			};
			name = Release;
		};
		2BCAEE401A1CE6DB0029778C /* Debug */ = {
			isa = XCBuildConfiguration;
			buildSettings = {
				BUNDLE_LOADER = "$(TEST_HOST)";
				FRAMEWORK_SEARCH_PATHS = (
					"$(SDKROOT)/Developer/Library/Frameworks",
					"$(inherited)",
				);
				GCC_PREPROCESSOR_DEFINITIONS = (
					"DEBUG=1",
					"$(inherited)",
				);
				INFOPLIST_FILE = PostcardTests/Info.plist;
				LD_RUNPATH_SEARCH_PATHS = "$(inherited) @executable_path/Frameworks @loader_path/Frameworks";
				PRODUCT_NAME = "$(TARGET_NAME)";
				TEST_HOST = "$(BUILT_PRODUCTS_DIR)/Postcard.app/Postcard";
			};
			name = Debug;
		};
		2BCAEE411A1CE6DB0029778C /* Release */ = {
			isa = XCBuildConfiguration;
			buildSettings = {
				BUNDLE_LOADER = "$(TEST_HOST)";
				FRAMEWORK_SEARCH_PATHS = (
					"$(SDKROOT)/Developer/Library/Frameworks",
					"$(inherited)",
				);
				INFOPLIST_FILE = PostcardTests/Info.plist;
				LD_RUNPATH_SEARCH_PATHS = "$(inherited) @executable_path/Frameworks @loader_path/Frameworks";
				PRODUCT_NAME = "$(TARGET_NAME)";
				TEST_HOST = "$(BUILT_PRODUCTS_DIR)/Postcard.app/Postcard";
			};
			name = Release;
		};
/* End XCBuildConfiguration section */

/* Begin XCConfigurationList section */
		2BCAEE181A1CE6DB0029778C /* Build configuration list for PBXProject "Postcard" */ = {
			isa = XCConfigurationList;
			buildConfigurations = (
				2BCAEE3A1A1CE6DB0029778C /* Debug */,
				2BCAEE3B1A1CE6DB0029778C /* Release */,
			);
			defaultConfigurationIsVisible = 0;
			defaultConfigurationName = Release;
		};
		2BCAEE3C1A1CE6DB0029778C /* Build configuration list for PBXNativeTarget "Postcard" */ = {
			isa = XCConfigurationList;
			buildConfigurations = (
				2BCAEE3D1A1CE6DB0029778C /* Debug */,
				2BCAEE3E1A1CE6DB0029778C /* Release */,
			);
			defaultConfigurationIsVisible = 0;
		};
		2BCAEE3F1A1CE6DB0029778C /* Build configuration list for PBXNativeTarget "PostcardTests" */ = {
			isa = XCConfigurationList;
			buildConfigurations = (
				2BCAEE401A1CE6DB0029778C /* Debug */,
				2BCAEE411A1CE6DB0029778C /* Release */,
			);
			defaultConfigurationIsVisible = 0;
		};
/* End XCConfigurationList section */
	};
	rootObject = 2BCAEE151A1CE6DB0029778C /* Project object */;
}
